<?xml version="1.0" encoding="utf-8"?>
<Project ToolsVersion="4.0" xmlns="http://schemas.microsoft.com/developer/msbuild/2003">
  <ItemGroup>
    <Filter Include="Fichiers sources">
      <UniqueIdentifier>{4FC737F1-C7A5-4376-A066-2A32D752A2FF}</UniqueIdentifier>
      <Extensions>cpp;c;cc;cxx;def;odl;idl;hpj;bat;asm;asmx</Extensions>
    </Filter>
    <Filter Include="Fichiers d%27en-tête">
      <UniqueIdentifier>{93995380-89BD-4b04-88EB-625FBE52EBFB}</UniqueIdentifier>
      <Extensions>h;hh;hpp;hxx;hm;inl;inc;ipp;xsd</Extensions>
    </Filter>
    <Filter Include="Fichiers de ressources">
      <UniqueIdentifier>{67DA6AB6-F800-4c08-8B7A-83BB121AAD01}</UniqueIdentifier>
      <Extensions>rc;ico;cur;bmp;dlg;rc2;rct;bin;rgs;gif;jpg;jpeg;jpe;resx;tiff;tif;png;wav;mfcribbon-ms</Extensions>
    </Filter>
    <Filter Include="Fichiers d%27en-tête\Core">
      <UniqueIdentifier>{342fdcbc-e1b8-43f0-ac0a-144d11d098e8}</UniqueIdentifier>
    </Filter>
    <Filter Include="Fichiers sources\Core">
      <UniqueIdentifier>{3ba6c626-1639-4f22-86f0-6a4468c84849}</UniqueIdentifier>
    </Filter>
    <Filter Include="Fichiers d%27en-tête\Data">
      <UniqueIdentifier>{c27c4443-9342-4340-9512-fa3c59d572cd}</UniqueIdentifier>
    </Filter>
    <Filter Include="Fichiers sources\Data">
      <UniqueIdentifier>{0a5d9bc5-6ff0-4b11-9db9-8b7c3fb7a491}</UniqueIdentifier>
    </Filter>
    <Filter Include="Fichiers d%27en-tête\Scripts">
      <UniqueIdentifier>{a901f030-7939-4e60-8253-6ae0768301d0}</UniqueIdentifier>
    </Filter>
    <Filter Include="Fichiers sources\Scripts">
      <UniqueIdentifier>{d48e2c9b-fc19-4eec-829c-619c0b75c478}</UniqueIdentifier>
    </Filter>
    <Filter Include="Fichiers d%27en-tête\Template">
      <UniqueIdentifier>{2efffee3-b1a6-4676-95db-91cc7d25884e}</UniqueIdentifier>
    </Filter>
    <Filter Include="Fichiers sources\Scripts\Input">
      <UniqueIdentifier>{b044ec52-a1dc-4aa7-a69b-195524229277}</UniqueIdentifier>
    </Filter>
    <Filter Include="Fichiers sources\Scripts\Building">
      <UniqueIdentifier>{50ad72b5-10ec-4108-b0b9-342236a4e99d}</UniqueIdentifier>
    </Filter>
    <Filter Include="Fichiers sources\Scripts\Environment">
      <UniqueIdentifier>{6b9f3337-5765-440d-bfea-5ce8ed936b71}</UniqueIdentifier>
    </Filter>
    <Filter Include="Fichiers sources\Scripts\Resource">
      <UniqueIdentifier>{46e3bd0b-aabf-4c2b-b5f7-604ccce56e8d}</UniqueIdentifier>
    </Filter>
    <Filter Include="Fichiers d%27en-tête\Scripts\Building">
      <UniqueIdentifier>{e0e867e8-1981-406d-9f5a-c1b8cdc2e68c}</UniqueIdentifier>
    </Filter>
    <Filter Include="Fichiers d%27en-tête\Scripts\Environment">
      <UniqueIdentifier>{85942b4a-8d60-4470-a733-fe94a2bdc658}</UniqueIdentifier>
    </Filter>
    <Filter Include="Fichiers d%27en-tête\Scripts\Resource">
      <UniqueIdentifier>{169b7b8d-9af3-4e91-bc21-431a6708db75}</UniqueIdentifier>
    </Filter>
    <Filter Include="Fichiers d%27en-tête\Scripts\Input">
      <UniqueIdentifier>{d1930ef2-7b27-4b56-86a3-28146d067895}</UniqueIdentifier>
    </Filter>
    <Filter Include="Fichiers d%27en-tête\Core\Engine">
      <UniqueIdentifier>{c6fb89d3-0690-4601-9796-d7c00f89e57a}</UniqueIdentifier>
    </Filter>
    <Filter Include="Fichiers d%27en-tête\Core\Views">
      <UniqueIdentifier>{df954d20-ef7d-4f30-a070-5b846980b573}</UniqueIdentifier>
    </Filter>
    <Filter Include="Fichiers d%27en-tête\Core\Elements">
      <UniqueIdentifier>{494ce1ba-c512-4d87-9ef0-63513425a093}</UniqueIdentifier>
    </Filter>
    <Filter Include="Fichiers d%27en-tête\Core\Elements\Components">
      <UniqueIdentifier>{25089c19-9492-47c6-8cd6-fc6c009191bb}</UniqueIdentifier>
    </Filter>
    <Filter Include="Fichiers sources\Core\Views">
      <UniqueIdentifier>{7ec042db-49b3-4c15-a09e-1c93d37d001d}</UniqueIdentifier>
    </Filter>
    <Filter Include="Fichiers sources\Core\Engine">
      <UniqueIdentifier>{f2fadc0d-a98a-4484-b9dc-c2ca6a607bd3}</UniqueIdentifier>
    </Filter>
    <Filter Include="Fichiers sources\Core\Elements">
      <UniqueIdentifier>{8b6b4033-0a85-4f2f-b80b-38c5f162aa46}</UniqueIdentifier>
    </Filter>
    <Filter Include="Fichiers sources\Core\Elements\Components">
      <UniqueIdentifier>{8bc220bc-1eac-444e-b38e-d56637610e8d}</UniqueIdentifier>
    </Filter>
    <Filter Include="Fichiers sources\Template">
      <UniqueIdentifier>{2d5fdf78-1e59-4df0-b368-90ea0c43e3c1}</UniqueIdentifier>
    </Filter>
    <Filter Include="Fichiers d%27en-tête\Core\Rendering">
      <UniqueIdentifier>{c19fcd67-8d46-431f-8b94-46dc275863aa}</UniqueIdentifier>
    </Filter>
    <Filter Include="Fichiers sources\Core\Rendering">
      <UniqueIdentifier>{3dfa002e-dac0-49ab-b9aa-59a7672f2620}</UniqueIdentifier>
    </Filter>
  </ItemGroup>
  <ItemGroup>
    <ClCompile Include="main.cpp">
      <Filter>Fichiers sources</Filter>
    </ClCompile>
    <ClCompile Include="Camera.cpp">
      <Filter>Fichiers sources\Core\Elements\Components</Filter>
    </ClCompile>
    <ClCompile Include="Collider.cpp">
      <Filter>Fichiers sources\Core\Elements\Components</Filter>
    </ClCompile>
    <ClCompile Include="SpriteRenderer.cpp">
      <Filter>Fichiers sources\Core\Elements\Components</Filter>
    </ClCompile>
    <ClCompile Include="ScriptBehaviour.cpp">
      <Filter>Fichiers sources\Core\Elements\Components</Filter>
    </ClCompile>
    <ClCompile Include="CameraInput.cpp">
      <Filter>Fichiers sources\Scripts\Input</Filter>
    </ClCompile>
    <ClCompile Include="Biome.cpp">
      <Filter>Fichiers sources\Scripts\Environment</Filter>
    </ClCompile>
    <ClCompile Include="Biomes.cpp">
      <Filter>Fichiers sources\Scripts\Environment</Filter>
    </ClCompile>
    <ClCompile Include="Structure.cpp">
      <Filter>Fichiers sources\Scripts\Environment</Filter>
    </ClCompile>
    <ClCompile Include="Tile.cpp">
      <Filter>Fichiers sources\Scripts\Environment</Filter>
    </ClCompile>
    <ClCompile Include="Grid.cpp">
      <Filter>Fichiers sources\Scripts\Environment</Filter>
    </ClCompile>
    <ClCompile Include="Storage.cpp">
      <Filter>Fichiers sources\Scripts\Resource</Filter>
    </ClCompile>
    <ClCompile Include="Resource.cpp">
      <Filter>Fichiers sources\Scripts\Resource</Filter>
    </ClCompile>
    <ClCompile Include="Building.cpp">
      <Filter>Fichiers sources\Scripts\Building</Filter>
    </ClCompile>
    <ClCompile Include="Buildings.cpp">
      <Filter>Fichiers sources\Scripts\Building</Filter>
    </ClCompile>
    <ClCompile Include="Construction.cpp">
      <Filter>Fichiers sources\Scripts\Building</Filter>
    </ClCompile>
    <ClCompile Include="AssetView.cpp">
      <Filter>Fichiers sources\Core\Views</Filter>
    </ClCompile>
    <ClCompile Include="SceneView.cpp">
      <Filter>Fichiers sources\Core\Views</Filter>
    </ClCompile>
    <ClCompile Include="GameEngine.cpp">
      <Filter>Fichiers sources\Core\Engine</Filter>
    </ClCompile>
    <ClCompile Include="GameWindow.cpp">
      <Filter>Fichiers sources\Core\Engine</Filter>
    </ClCompile>
    <ClCompile Include="Component.cpp">
      <Filter>Fichiers sources\Core\Elements</Filter>
    </ClCompile>
    <ClCompile Include="GameObject.cpp">
      <Filter>Fichiers sources\Core\Elements</Filter>
    </ClCompile>
    <ClCompile Include="ConstructionInput.cpp">
      <Filter>Fichiers sources\Scripts\Input</Filter>
    </ClCompile>
    <ClCompile Include="TileObject.cpp">
      <Filter>Fichiers sources\Scripts\Environment</Filter>
    </ClCompile>
    <ClCompile Include="TextRenderer.cpp">
      <Filter>Fichiers sources\Core\Elements\Components</Filter>
    </ClCompile>
    <ClCompile Include="TemplateGameScript.cpp">
      <Filter>Fichiers sources\Template</Filter>
    </ClCompile>
    <ClCompile Include="BuildingObject.cpp">
      <Filter>Fichiers sources\Scripts\Building</Filter>
    </ClCompile>
    <ClCompile Include="Display.cpp">
      <Filter>Fichiers sources\Core\Rendering</Filter>
    </ClCompile>
    <ClCompile Include="RenderObject.cpp">
      <Filter>Fichiers sources\Core\Rendering</Filter>
    </ClCompile>
    <ClCompile Include="Canvas.cpp">
      <Filter>Fichiers sources\Core\Rendering</Filter>
    </ClCompile>
    <ClCompile Include="UISpriteRenderer.cpp">
      <Filter>Fichiers sources\Core\Elements\Components</Filter>
    </ClCompile>
    <ClCompile Include="UITransform.cpp">
      <Filter>Fichiers sources\Core\Elements</Filter>
    </ClCompile>
  </ItemGroup>
  <ItemGroup>
    <ClInclude Include="Camera.h">
      <Filter>Fichiers d%27en-tête\Core\Elements\Components</Filter>
    </ClInclude>
    <ClInclude Include="Collider.h">
      <Filter>Fichiers d%27en-tête\Core\Elements\Components</Filter>
    </ClInclude>
    <ClInclude Include="ScriptBehaviour.h">
      <Filter>Fichiers d%27en-tête\Core\Elements\Components</Filter>
    </ClInclude>
    <ClInclude Include="SpriteRenderer.h">
      <Filter>Fichiers d%27en-tête\Core\Elements\Components</Filter>
    </ClInclude>
    <ClInclude Include="Utility.h">
      <Filter>Fichiers d%27en-tête\Core</Filter>
    </ClInclude>
    <ClInclude Include="TemplateHeader.h">
      <Filter>Fichiers d%27en-tête\Template</Filter>
    </ClInclude>
    <ClInclude Include="Alpha.h">
      <Filter>Fichiers d%27en-tête\Template</Filter>
    </ClInclude>
    <ClInclude Include="Core.h">
      <Filter>Fichiers d%27en-tête\Template</Filter>
    </ClInclude>
    <ClInclude Include="Game.h">
      <Filter>Fichiers d%27en-tête\Template</Filter>
    </ClInclude>
    <ClInclude Include="Crew.h">
      <Filter>Fichiers d%27en-tête\Scripts</Filter>
    </ClInclude>
    <ClInclude Include="Enums.h">
      <Filter>Fichiers d%27en-tête\Scripts</Filter>
    </ClInclude>
    <ClInclude Include="Biome.h">
      <Filter>Fichiers d%27en-tête\Scripts\Environment</Filter>
    </ClInclude>
    <ClInclude Include="Biomes.h">
      <Filter>Fichiers d%27en-tête\Scripts\Environment</Filter>
    </ClInclude>
    <ClInclude Include="Tile.h">
      <Filter>Fichiers d%27en-tête\Scripts\Environment</Filter>
    </ClInclude>
    <ClInclude Include="Structure.h">
      <Filter>Fichiers d%27en-tête\Scripts\Environment</Filter>
    </ClInclude>
    <ClInclude Include="Grid.h">
      <Filter>Fichiers d%27en-tête\Scripts\Environment</Filter>
    </ClInclude>
    <ClInclude Include="Storage.h">
      <Filter>Fichiers d%27en-tête\Scripts\Resource</Filter>
    </ClInclude>
    <ClInclude Include="Resource.h">
      <Filter>Fichiers d%27en-tête\Scripts\Resource</Filter>
    </ClInclude>
    <ClInclude Include="Building.h">
      <Filter>Fichiers d%27en-tête\Scripts\Building</Filter>
    </ClInclude>
    <ClInclude Include="Buildings.h">
      <Filter>Fichiers d%27en-tête\Scripts\Building</Filter>
    </ClInclude>
    <ClInclude Include="Construction.h">
      <Filter>Fichiers d%27en-tête\Scripts\Building</Filter>
    </ClInclude>
    <ClInclude Include="CameraInput.h">
      <Filter>Fichiers d%27en-tête\Scripts\Input</Filter>
    </ClInclude>
    <ClInclude Include="AssetManager.h">
      <Filter>Fichiers d%27en-tête\Core\Views</Filter>
    </ClInclude>
    <ClInclude Include="AssetView.h">
      <Filter>Fichiers d%27en-tête\Core\Views</Filter>
    </ClInclude>
    <ClInclude Include="SceneView.h">
      <Filter>Fichiers d%27en-tête\Core\Views</Filter>
    </ClInclude>
    <ClInclude Include="GameEngine.h">
      <Filter>Fichiers d%27en-tête\Core\Engine</Filter>
    </ClInclude>
    <ClInclude Include="GameWindow.h">
      <Filter>Fichiers d%27en-tête\Core\Engine</Filter>
    </ClInclude>
    <ClInclude Include="Component.h">
      <Filter>Fichiers d%27en-tête\Core\Elements</Filter>
    </ClInclude>
    <ClInclude Include="GameObject.h">
      <Filter>Fichiers d%27en-tête\Core\Elements</Filter>
    </ClInclude>
    <ClInclude Include="ConstructionInput.h">
      <Filter>Fichiers d%27en-tête\Scripts\Input</Filter>
    </ClInclude>
    <ClInclude Include="TileObject.h">
      <Filter>Fichiers d%27en-tête\Scripts\Environment</Filter>
    </ClInclude>
    <ClInclude Include="TextRenderer.h">
      <Filter>Fichiers d%27en-tête\Core\Elements\Components</Filter>
    </ClInclude>
    <ClInclude Include="TemplateGameScript.h">
      <Filter>Fichiers d%27en-tête\Template</Filter>
    </ClInclude>
    <ClInclude Include="BuildingObject.h">
      <Filter>Fichiers d%27en-tête\Scripts\Building</Filter>
    </ClInclude>
    <ClInclude Include="SpriteObject.h">
      <Filter>Fichiers d%27en-tête\Core\Rendering</Filter>
    </ClInclude>
    <ClInclude Include="TextObject.h">
      <Filter>Fichiers d%27en-tête\Core\Rendering</Filter>
    </ClInclude>
    <ClInclude Include="Display.h">
      <Filter>Fichiers d%27en-tête\Core\Rendering</Filter>
    </ClInclude>
    <ClInclude Include="Layers.h">
      <Filter>Fichiers d%27en-tête\Core\Rendering</Filter>
    </ClInclude>
    <ClInclude Include="RenderObject.h">
      <Filter>Fichiers d%27en-tête\Core\Rendering</Filter>
    </ClInclude>
    <ClInclude Include="SceneManager.h">
      <Filter>Fichiers d%27en-tête\Core\Views</Filter>
    </ClInclude>
    <ClInclude Include="Canvas.h">
      <Filter>Fichiers d%27en-tête\Core\Rendering</Filter>
    </ClInclude>
    <ClInclude Include="UISpriteRenderer.h">
      <Filter>Fichiers d%27en-tête\Core\Elements\Components</Filter>
    </ClInclude>
    <ClInclude Include="Renderer.h">
      <Filter>Fichiers d%27en-tête\Core\Elements\Components</Filter>
    </ClInclude>
    <ClInclude Include="UITransform.h">
      <Filter>Fichiers d%27en-tête\Core\Elements</Filter>
    </ClInclude>
  </ItemGroup>
</Project>